{
  "name": "nunesports_site",
  "lockfileVersion": 3,
  "requires": true,
  "packages": {
    "": {
      "devDependencies": {
        "prettier-tailwind": "^0.0.0-development"
      }
    },
    "node_modules/prettier": {
      "version": "2.8.8",
      "resolved": "https://registry.npmjs.org/prettier/-/prettier-2.8.8.tgz",
      "integrity": "sha512-tdN8qQGvNjw4CHbY+XXk0JgCXn9QiF21a55rBe5LJAU+kDyC4WQn4+awm2Xfk2lQMk5fKup9XgzTZtGkjBdP9Q==",
      "dev": true,
      "license": "MIT",
      "bin": {
        "prettier": "bin-prettier.js"
      },
      "engines": {
        "node": ">=10.13.0"
      },
      "funding": {
        "url": "https://github.com/prettier/prettier?sponsor=1"
      }
    },
    "node_modules/prettier-tailwind": {
      "version": "0.0.0-development",
      "resolved": "https://registry.npmjs.org/prettier-tailwind/-/prettier-tailwind-0.0.0-development.tgz",
      "integrity": "sha512-GJZc1bhaenVUgaq4IUZ4OaY8HhOiJoHsUBzivjQJcw6g1lNuLzk2adJKlE0JJDOlQ4YBx5nByW5bDF/O5xO5Iw==",
      "dev": true,
      "license": "MIT",
      "dependencies": {
        "prettier": "^2.0.5"
      }
    }
  }
}
